<?xml version="1.0" encoding="utf-8"?>
<Project ToolsVersion="4.0" xmlns="http://schemas.microsoft.com/developer/msbuild/2003">
  <ItemGroup>
    <Filter Include="include">
      <UniqueIdentifier>{879f7193-1451-4053-a1aa-586d5e5913d6}</UniqueIdentifier>
    </Filter>
    <Filter Include="src">
      <UniqueIdentifier>{8486eda2-b277-4afa-854d-0f1ab5ee9926}</UniqueIdentifier>
    </Filter>
    <Filter Include="test">
      <UniqueIdentifier>{33482871-cba9-4bb3-a7b1-e712d74e645d}</UniqueIdentifier>
    </Filter>
  </ItemGroup>
  <ItemGroup>
    <ClInclude Include="include\file_reader.h">
      <Filter>include</Filter>
    </ClInclude>
    <ClInclude Include="include\file_manager_winapi.h">
      <Filter>include</Filter>
    </ClInclude>
  </ItemGroup>
  <ItemGroup>
    <ClCompile Include="src\file_reader.cpp">
      <Filter>src</Filter>
    </ClCompile>
    <ClCompile Include="src\file_manager_winapi.cpp">
      <Filter>src</Filter>
    </ClCompile>
    <ClCompile Include="test\file_reader_test.cpp">
      <Filter>test</Filter>
    </ClCompile>
  </ItemGroup>
</Project>