
Microsoft Visual Studio Solution File, Format Version 12.00
# Visual Studio 2013
VisualStudioVersion = 12.0.21005.1
MinimumVisualStudioVersion = 10.0.40219.1
Project("{8BC9CEB8-8B4A-11D0-8D11-00A0C91BC942}") = "DataIO", "DataIO\DataIO.vcxproj", "{FA91112D-A6A1-4DD0-9B9D-E1A621ACB101}"
EndProject
Project("{2150E333-8FDC-42A3-9474-1A3956D46DE8}") = "libs", "libs", "{36B6FC4D-0669-497C-BD66-97BBA790CF9A}"
	ProjectSection(SolutionItems) = preProject
		libs\gtest.lib = libs\gtest.lib
		libs\gtest_main.lib = libs\gtest_main.lib
	EndProjectSection
EndProject
Project("{8BC9CEB8-8B4A-11D0-8D11-00A0C91BC942}") = "Generators", "Generators\Generators.vcxproj", "{4CAF577C-F0D5-4055-BC4B-507F3A1631C1}"
EndProject
Global
	GlobalSection(SolutionConfigurationPlatforms) = preSolution
		Debug|Win32 = Debug|Win32
		Release|Win32 = Release|Win32
	EndGlobalSection
	GlobalSection(ProjectConfigurationPlatforms) = postSolution
		{FA91112D-A6A1-4DD0-9B9D-E1A621ACB101}.Debug|Win32.ActiveCfg = Debug|Win32
		{FA91112D-A6A1-4DD0-9B9D-E1A621ACB101}.Debug|Win32.Build.0 = Debug|Win32
		{FA91112D-A6A1-4DD0-9B9D-E1A621ACB101}.Release|Win32.ActiveCfg = Release|Win32
		{FA91112D-A6A1-4DD0-9B9D-E1A621ACB101}.Release|Win32.Build.0 = Release|Win32
		{4CAF577C-F0D5-4055-BC4B-507F3A1631C1}.Debug|Win32.ActiveCfg = Debug|Win32
		{4CAF577C-F0D5-4055-BC4B-507F3A1631C1}.Debug|Win32.Build.0 = Debug|Win32
		{4CAF577C-F0D5-4055-BC4B-507F3A1631C1}.Release|Win32.ActiveCfg = Release|Win32
		{4CAF577C-F0D5-4055-BC4B-507F3A1631C1}.Release|Win32.Build.0 = Release|Win32
	EndGlobalSection
	GlobalSection(SolutionProperties) = preSolution
		HideSolutionNode = FALSE
	EndGlobalSection
EndGlobal
